
Microsoft Visual Studio Solution File, Format Version 12.00
# Visual Studio 2012
Project("{8BC9CEB8-8B4A-11D0-8D11-00A0C91BC942}") = "tema1", "tema1.vcxproj", "{972B0CFF-FA86-4282-A09D-05E206F15896}"
EndProject
Global
	GlobalSection(SolutionConfigurationPlatforms) = preSolution
		Debug|Win32 = Debug|Win32
		Release|Win32 = Release|Win32
	EndGlobalSection
	GlobalSection(ProjectConfigurationPlatforms) = postSolution
		{972B0CFF-FA86-4282-A09D-05E206F15896}.Debug|Win32.ActiveCfg = Debug|Win32
		{972B0CFF-FA86-4282-A09D-05E206F15896}.Debug|Win32.Build.0 = Debug|Win32
		{972B0CFF-FA86-4282-A09D-05E206F15896}.Release|Win32.ActiveCfg = Release|Win32
		{972B0CFF-FA86-4282-A09D-05E206F15896}.Release|Win32.Build.0 = Release|Win32
	EndGlobalSection
	GlobalSection(SolutionProperties) = preSolution
		HideSolutionNode = FALSE
	EndGlobalSection
EndGlobal
